// !$*UTF8*$!
{
	archiveVersion = 1;
	classes = {
	};
	objectVersion = 50;
	objects = {

/* Begin PBXBuildFile section */
		608B4192BF748A5D5D27E393 /* Pods_Resplash.framework in Frameworks */ = {isa = PBXBuildFile; fileRef = 9CB59A8BFAD9F2760052EB7D /* Pods_Resplash.framework */; };
		641142DE25EE2A6900AEB552 /* AppDelegate.swift in Sources */ = {isa = PBXBuildFile; fileRef = 641142DD25EE2A6900AEB552 /* AppDelegate.swift */; };
		641142E025EE2A6900AEB552 /* SceneDelegate.swift in Sources */ = {isa = PBXBuildFile; fileRef = 641142DF25EE2A6900AEB552 /* SceneDelegate.swift */; };
		641142E525EE2A6900AEB552 /* Main.storyboard in Resources */ = {isa = PBXBuildFile; fileRef = 641142E325EE2A6900AEB552 /* Main.storyboard */; };
		641142E725EE2A6B00AEB552 /* Assets.xcassets in Resources */ = {isa = PBXBuildFile; fileRef = 641142E625EE2A6B00AEB552 /* Assets.xcassets */; };
		641142EA25EE2A6B00AEB552 /* LaunchScreen.storyboard in Resources */ = {isa = PBXBuildFile; fileRef = 641142E825EE2A6B00AEB552 /* LaunchScreen.storyboard */; };
		641142F825EE391A00AEB552 /* AlbumsViewController.swift in Sources */ = {isa = PBXBuildFile; fileRef = 641142F725EE391A00AEB552 /* AlbumsViewController.swift */; };
		641142FB25EE392600AEB552 /* PhotosViewController.swift in Sources */ = {isa = PBXBuildFile; fileRef = 641142FA25EE392600AEB552 /* PhotosViewController.swift */; };
		6411430925EE3AEC00AEB552 /* UISearchBar+Color.swift in Sources */ = {isa = PBXBuildFile; fileRef = 6411430425EE3AEC00AEB552 /* UISearchBar+Color.swift */; };
		6411430A25EE3AEC00AEB552 /* UINavigationController+Defaults.swift in Sources */ = {isa = PBXBuildFile; fileRef = 6411430525EE3AEC00AEB552 /* UINavigationController+Defaults.swift */; };
		6411430B25EE3AEC00AEB552 /* UITableView+Register.swift in Sources */ = {isa = PBXBuildFile; fileRef = 6411430625EE3AEC00AEB552 /* UITableView+Register.swift */; };
		6411430C25EE3AEC00AEB552 /* UICollectionView+Register.swift in Sources */ = {isa = PBXBuildFile; fileRef = 6411430725EE3AEC00AEB552 /* UICollectionView+Register.swift */; };
		6411430D25EE3AEC00AEB552 /* UIViewController+Alert.swift in Sources */ = {isa = PBXBuildFile; fileRef = 6411430825EE3AEC00AEB552 /* UIViewController+Alert.swift */; };
		6411431325EE3C6600AEB552 /* AlbumCell.swift in Sources */ = {isa = PBXBuildFile; fileRef = 6411431125EE3C6600AEB552 /* AlbumCell.swift */; };
		6411431425EE3C6600AEB552 /* AlbumCell.xib in Resources */ = {isa = PBXBuildFile; fileRef = 6411431225EE3C6600AEB552 /* AlbumCell.xib */; };
		6411431925EE3C8300AEB552 /* Album.swift in Sources */ = {isa = PBXBuildFile; fileRef = 6411431825EE3C8300AEB552 /* Album.swift */; };
		6411431E25EE3D7700AEB552 /* AlbumViewModel.swift in Sources */ = {isa = PBXBuildFile; fileRef = 6411431D25EE3D7700AEB552 /* AlbumViewModel.swift */; };
		6411432525EE3DA900AEB552 /* Photo.swift in Sources */ = {isa = PBXBuildFile; fileRef = 6411432425EE3DA900AEB552 /* Photo.swift */; };
		6411432825EE3DB400AEB552 /* PhotoViewModel.swift in Sources */ = {isa = PBXBuildFile; fileRef = 6411432725EE3DB400AEB552 /* PhotoViewModel.swift */; };
		6411432C25EE3DCF00AEB552 /* PhotoCell.swift in Sources */ = {isa = PBXBuildFile; fileRef = 6411432A25EE3DCF00AEB552 /* PhotoCell.swift */; };
		6411432D25EE3DCF00AEB552 /* PhotoCell.xib in Resources */ = {isa = PBXBuildFile; fileRef = 6411432B25EE3DCF00AEB552 /* PhotoCell.xib */; };
		6411433425EE455900AEB552 /* DataManager.swift in Sources */ = {isa = PBXBuildFile; fileRef = 6411433025EE455900AEB552 /* DataManager.swift */; };
		6411433525EE455900AEB552 /* EndPoint.swift in Sources */ = {isa = PBXBuildFile; fileRef = 6411433125EE455900AEB552 /* EndPoint.swift */; };
		6411433625EE455900AEB552 /* APIClient.swift in Sources */ = {isa = PBXBuildFile; fileRef = 6411433225EE455900AEB552 /* APIClient.swift */; };
		6411433725EE455900AEB552 /* APIRequest.swift in Sources */ = {isa = PBXBuildFile; fileRef = 6411433325EE455900AEB552 /* APIRequest.swift */; };
		6411433E25EE45B900AEB552 /* ActivityPresentable.swift in Sources */ = {isa = PBXBuildFile; fileRef = 6411433C25EE45B900AEB552 /* ActivityPresentable.swift */; };
		6411433F25EE45B900AEB552 /* Dynamic.swift in Sources */ = {isa = PBXBuildFile; fileRef = 6411433D25EE45B900AEB552 /* Dynamic.swift */; };
		6411434425EE45DF00AEB552 /* NetworkError.swift in Sources */ = {isa = PBXBuildFile; fileRef = 6411434325EE45DF00AEB552 /* NetworkError.swift */; };
		64E3241E25EE6F570066AC94 /* Route.swift in Sources */ = {isa = PBXBuildFile; fileRef = 64E3241D25EE6F570066AC94 /* Route.swift */; };
		64E3242A25EE75BD0066AC94 /* Navigation.swift in Sources */ = {isa = PBXBuildFile; fileRef = 64E3242925EE75BD0066AC94 /* Navigation.swift */; };
/* End PBXBuildFile section */

/* Begin PBXFileReference section */
		1550803679FC6464196D77E5 /* Pods-Resplash.debug.xcconfig */ = {isa = PBXFileReference; includeInIndex = 1; lastKnownFileType = text.xcconfig; name = "Pods-Resplash.debug.xcconfig"; path = "Target Support Files/Pods-Resplash/Pods-Resplash.debug.xcconfig"; sourceTree = "<group>"; };
		5F9E84F03AE82546808A91F6 /* Pods-Resplash.release.xcconfig */ = {isa = PBXFileReference; includeInIndex = 1; lastKnownFileType = text.xcconfig; name = "Pods-Resplash.release.xcconfig"; path = "Target Support Files/Pods-Resplash/Pods-Resplash.release.xcconfig"; sourceTree = "<group>"; };
		641142DA25EE2A6900AEB552 /* Resplash.app */ = {isa = PBXFileReference; explicitFileType = wrapper.application; includeInIndex = 0; path = Resplash.app; sourceTree = BUILT_PRODUCTS_DIR; };
		641142DD25EE2A6900AEB552 /* AppDelegate.swift */ = {isa = PBXFileReference; lastKnownFileType = sourcecode.swift; path = AppDelegate.swift; sourceTree = "<group>"; };
		641142DF25EE2A6900AEB552 /* SceneDelegate.swift */ = {isa = PBXFileReference; lastKnownFileType = sourcecode.swift; path = SceneDelegate.swift; sourceTree = "<group>"; };
		641142E425EE2A6900AEB552 /* Base */ = {isa = PBXFileReference; lastKnownFileType = file.storyboard; name = Base; path = Base.lproj/Main.storyboard; sourceTree = "<group>"; };
		641142E625EE2A6B00AEB552 /* Assets.xcassets */ = {isa = PBXFileReference; lastKnownFileType = folder.assetcatalog; path = Assets.xcassets; sourceTree = "<group>"; };
		641142E925EE2A6B00AEB552 /* Base */ = {isa = PBXFileReference; lastKnownFileType = file.storyboard; name = Base; path = Base.lproj/LaunchScreen.storyboard; sourceTree = "<group>"; };
		641142EB25EE2A6B00AEB552 /* Info.plist */ = {isa = PBXFileReference; lastKnownFileType = text.plist.xml; path = Info.plist; sourceTree = "<group>"; };
		641142F725EE391A00AEB552 /* AlbumsViewController.swift */ = {isa = PBXFileReference; lastKnownFileType = sourcecode.swift; path = AlbumsViewController.swift; sourceTree = "<group>"; };
		641142FA25EE392600AEB552 /* PhotosViewController.swift */ = {isa = PBXFileReference; lastKnownFileType = sourcecode.swift; path = PhotosViewController.swift; sourceTree = "<group>"; };
		6411430425EE3AEC00AEB552 /* UISearchBar+Color.swift */ = {isa = PBXFileReference; fileEncoding = 4; lastKnownFileType = sourcecode.swift; path = "UISearchBar+Color.swift"; sourceTree = "<group>"; };
		6411430525EE3AEC00AEB552 /* UINavigationController+Defaults.swift */ = {isa = PBXFileReference; fileEncoding = 4; lastKnownFileType = sourcecode.swift; path = "UINavigationController+Defaults.swift"; sourceTree = "<group>"; };
		6411430625EE3AEC00AEB552 /* UITableView+Register.swift */ = {isa = PBXFileReference; fileEncoding = 4; lastKnownFileType = sourcecode.swift; path = "UITableView+Register.swift"; sourceTree = "<group>"; };
		6411430725EE3AEC00AEB552 /* UICollectionView+Register.swift */ = {isa = PBXFileReference; fileEncoding = 4; lastKnownFileType = sourcecode.swift; path = "UICollectionView+Register.swift"; sourceTree = "<group>"; };
		6411430825EE3AEC00AEB552 /* UIViewController+Alert.swift */ = {isa = PBXFileReference; fileEncoding = 4; lastKnownFileType = sourcecode.swift; path = "UIViewController+Alert.swift"; sourceTree = "<group>"; };
		6411431125EE3C6600AEB552 /* AlbumCell.swift */ = {isa = PBXFileReference; lastKnownFileType = sourcecode.swift; path = AlbumCell.swift; sourceTree = "<group>"; };
		6411431225EE3C6600AEB552 /* AlbumCell.xib */ = {isa = PBXFileReference; lastKnownFileType = file.xib; path = AlbumCell.xib; sourceTree = "<group>"; };
		6411431825EE3C8300AEB552 /* Album.swift */ = {isa = PBXFileReference; lastKnownFileType = sourcecode.swift; path = Album.swift; sourceTree = "<group>"; };
		6411431D25EE3D7700AEB552 /* AlbumViewModel.swift */ = {isa = PBXFileReference; lastKnownFileType = sourcecode.swift; path = AlbumViewModel.swift; sourceTree = "<group>"; };
		6411432425EE3DA900AEB552 /* Photo.swift */ = {isa = PBXFileReference; lastKnownFileType = sourcecode.swift; path = Photo.swift; sourceTree = "<group>"; };
		6411432725EE3DB400AEB552 /* PhotoViewModel.swift */ = {isa = PBXFileReference; lastKnownFileType = sourcecode.swift; path = PhotoViewModel.swift; sourceTree = "<group>"; };
		6411432A25EE3DCF00AEB552 /* PhotoCell.swift */ = {isa = PBXFileReference; lastKnownFileType = sourcecode.swift; path = PhotoCell.swift; sourceTree = "<group>"; };
		6411432B25EE3DCF00AEB552 /* PhotoCell.xib */ = {isa = PBXFileReference; lastKnownFileType = file.xib; path = PhotoCell.xib; sourceTree = "<group>"; };
		6411433025EE455900AEB552 /* DataManager.swift */ = {isa = PBXFileReference; fileEncoding = 4; lastKnownFileType = sourcecode.swift; path = DataManager.swift; sourceTree = "<group>"; };
		6411433125EE455900AEB552 /* EndPoint.swift */ = {isa = PBXFileReference; fileEncoding = 4; lastKnownFileType = sourcecode.swift; path = EndPoint.swift; sourceTree = "<group>"; };
		6411433225EE455900AEB552 /* APIClient.swift */ = {isa = PBXFileReference; fileEncoding = 4; lastKnownFileType = sourcecode.swift; path = APIClient.swift; sourceTree = "<group>"; };
		6411433325EE455900AEB552 /* APIRequest.swift */ = {isa = PBXFileReference; fileEncoding = 4; lastKnownFileType = sourcecode.swift; path = APIRequest.swift; sourceTree = "<group>"; };
		6411433C25EE45B900AEB552 /* ActivityPresentable.swift */ = {isa = PBXFileReference; fileEncoding = 4; lastKnownFileType = sourcecode.swift; path = ActivityPresentable.swift; sourceTree = "<group>"; };
		6411433D25EE45B900AEB552 /* Dynamic.swift */ = {isa = PBXFileReference; fileEncoding = 4; lastKnownFileType = sourcecode.swift; path = Dynamic.swift; sourceTree = "<group>"; };
		6411434325EE45DF00AEB552 /* NetworkError.swift */ = {isa = PBXFileReference; fileEncoding = 4; lastKnownFileType = sourcecode.swift; path = NetworkError.swift; sourceTree = "<group>"; };
		64E3241D25EE6F570066AC94 /* Route.swift */ = {isa = PBXFileReference; lastKnownFileType = sourcecode.swift; path = Route.swift; sourceTree = "<group>"; };
		64E3242925EE75BD0066AC94 /* Navigation.swift */ = {isa = PBXFileReference; lastKnownFileType = sourcecode.swift; path = Navigation.swift; sourceTree = "<group>"; };
		9CB59A8BFAD9F2760052EB7D /* Pods_Resplash.framework */ = {isa = PBXFileReference; explicitFileType = wrapper.framework; includeInIndex = 0; path = Pods_Resplash.framework; sourceTree = BUILT_PRODUCTS_DIR; };
/* End PBXFileReference section */

/* Begin PBXFrameworksBuildPhase section */
		641142D725EE2A6900AEB552 /* Frameworks */ = {
			isa = PBXFrameworksBuildPhase;
			buildActionMask = 2147483647;
			files = (
				608B4192BF748A5D5D27E393 /* Pods_Resplash.framework in Frameworks */,
			);
			runOnlyForDeploymentPostprocessing = 0;
		};
/* End PBXFrameworksBuildPhase section */

/* Begin PBXGroup section */
		4E4C2F7D13B77433566B83CD /* Frameworks */ = {
			isa = PBXGroup;
			children = (
				9CB59A8BFAD9F2760052EB7D /* Pods_Resplash.framework */,
			);
			name = Frameworks;
			sourceTree = "<group>";
		};
		59790A281AFF9DB61055174A /* Pods */ = {
			isa = PBXGroup;
			children = (
				1550803679FC6464196D77E5 /* Pods-Resplash.debug.xcconfig */,
				5F9E84F03AE82546808A91F6 /* Pods-Resplash.release.xcconfig */,
			);
			name = Pods;
			path = Pods;
			sourceTree = "<group>";
		};
		641142D125EE2A6900AEB552 = {
			isa = PBXGroup;
			children = (
				641142DC25EE2A6900AEB552 /* Resplash */,
				641142DB25EE2A6900AEB552 /* Products */,
				59790A281AFF9DB61055174A /* Pods */,
				4E4C2F7D13B77433566B83CD /* Frameworks */,
			);
			sourceTree = "<group>";
		};
		641142DB25EE2A6900AEB552 /* Products */ = {
			isa = PBXGroup;
			children = (
				641142DA25EE2A6900AEB552 /* Resplash.app */,
			);
			name = Products;
			sourceTree = "<group>";
		};
		641142DC25EE2A6900AEB552 /* Resplash */ = {
			isa = PBXGroup;
			children = (
				6411433925EE456600AEB552 /* APIClient */,
				641142F225EE2A7D00AEB552 /* AppDelegate */,
				6411431B25EE3C8700AEB552 /* Models */,
				6411432025EE3D7D00AEB552 /* ViewModels */,
				6411431625EE3C6C00AEB552 /* Views */,
				641142F525EE2A9600AEB552 /* Controllers */,
				64E3242025EE6F5B0066AC94 /* Navigation */,
				641142F425EE2A8B00AEB552 /* Storyboard */,
				6411430125EE3A7500AEB552 /* Extensions */,
				6411434125EE45BC00AEB552 /* SupportingFiles */,
				641142E625EE2A6B00AEB552 /* Assets.xcassets */,
				641142EB25EE2A6B00AEB552 /* Info.plist */,
			);
			path = Resplash;
			sourceTree = "<group>";
		};
		641142F225EE2A7D00AEB552 /* AppDelegate */ = {
			isa = PBXGroup;
			children = (
				641142DD25EE2A6900AEB552 /* AppDelegate.swift */,
				641142DF25EE2A6900AEB552 /* SceneDelegate.swift */,
			);
			path = AppDelegate;
			sourceTree = "<group>";
		};
		641142F425EE2A8B00AEB552 /* Storyboard */ = {
			isa = PBXGroup;
			children = (
				641142E325EE2A6900AEB552 /* Main.storyboard */,
				641142E825EE2A6B00AEB552 /* LaunchScreen.storyboard */,
			);
			path = Storyboard;
			sourceTree = "<group>";
		};
		641142F525EE2A9600AEB552 /* Controllers */ = {
			isa = PBXGroup;
			children = (
				641142F725EE391A00AEB552 /* AlbumsViewController.swift */,
				641142FA25EE392600AEB552 /* PhotosViewController.swift */,
			);
			path = Controllers;
			sourceTree = "<group>";
		};
		6411430125EE3A7500AEB552 /* Extensions */ = {
			isa = PBXGroup;
			children = (
				6411430625EE3AEC00AEB552 /* UITableView+Register.swift */,
				6411430725EE3AEC00AEB552 /* UICollectionView+Register.swift */,
				6411430525EE3AEC00AEB552 /* UINavigationController+Defaults.swift */,
				6411430425EE3AEC00AEB552 /* UISearchBar+Color.swift */,
				6411430825EE3AEC00AEB552 /* UIViewController+Alert.swift */,
			);
			path = Extensions;
			sourceTree = "<group>";
		};
		6411431625EE3C6C00AEB552 /* Views */ = {
			isa = PBXGroup;
			children = (
				6411431125EE3C6600AEB552 /* AlbumCell.swift */,
				6411431225EE3C6600AEB552 /* AlbumCell.xib */,
				6411432A25EE3DCF00AEB552 /* PhotoCell.swift */,
				6411432B25EE3DCF00AEB552 /* PhotoCell.xib */,
			);
			path = Views;
			sourceTree = "<group>";
		};
		6411431B25EE3C8700AEB552 /* Models */ = {
			isa = PBXGroup;
			children = (
				6411431825EE3C8300AEB552 /* Album.swift */,
				6411432425EE3DA900AEB552 /* Photo.swift */,
			);
			path = Models;
			sourceTree = "<group>";
		};
		6411432025EE3D7D00AEB552 /* ViewModels */ = {
			isa = PBXGroup;
			children = (
				6411431D25EE3D7700AEB552 /* AlbumViewModel.swift */,
				6411432725EE3DB400AEB552 /* PhotoViewModel.swift */,
			);
			path = ViewModels;
			sourceTree = "<group>";
		};
		6411433925EE456600AEB552 /* APIClient */ = {
			isa = PBXGroup;
			children = (
				6411433225EE455900AEB552 /* APIClient.swift */,
				6411433325EE455900AEB552 /* APIRequest.swift */,
				6411433025EE455900AEB552 /* DataManager.swift */,
				6411433125EE455900AEB552 /* EndPoint.swift */,
				6411434325EE45DF00AEB552 /* NetworkError.swift */,
			);
			path = APIClient;
			sourceTree = "<group>";
		};
		6411434125EE45BC00AEB552 /* SupportingFiles */ = {
			isa = PBXGroup;
			children = (
				6411433D25EE45B900AEB552 /* Dynamic.swift */,
				6411433C25EE45B900AEB552 /* ActivityPresentable.swift */,
			);
			path = SupportingFiles;
			sourceTree = "<group>";
		};
		64E3242025EE6F5B0066AC94 /* Navigation */ = {
			isa = PBXGroup;
			children = (
				64E3241D25EE6F570066AC94 /* Route.swift */,
				64E3242925EE75BD0066AC94 /* Navigation.swift */,
			);
			path = Navigation;
			sourceTree = "<group>";
		};
/* End PBXGroup section */

/* Begin PBXNativeTarget section */
		641142D925EE2A6900AEB552 /* Resplash */ = {
			isa = PBXNativeTarget;
			buildConfigurationList = 641142EE25EE2A6B00AEB552 /* Build configuration list for PBXNativeTarget "Resplash" */;
			buildPhases = (
				647F6AA6E7C3348E0AE3D7BD /* [CP] Check Pods Manifest.lock */,
				641142D625EE2A6900AEB552 /* Sources */,
				641142D725EE2A6900AEB552 /* Frameworks */,
				641142D825EE2A6900AEB552 /* Resources */,
			);
			buildRules = (
			);
			dependencies = (
			);
			name = Resplash;
			productName = Resplash;
			productReference = 641142DA25EE2A6900AEB552 /* Resplash.app */;
			productType = "com.apple.product-type.application";
		};
/* End PBXNativeTarget section */

/* Begin PBXProject section */
		641142D225EE2A6900AEB552 /* Project object */ = {
			isa = PBXProject;
			attributes = {
				LastSwiftUpdateCheck = 1220;
				LastUpgradeCheck = 1220;
				TargetAttributes = {
					641142D925EE2A6900AEB552 = {
						CreatedOnToolsVersion = 12.2;
					};
				};
			};
			buildConfigurationList = 641142D525EE2A6900AEB552 /* Build configuration list for PBXProject "Resplash" */;
			compatibilityVersion = "Xcode 9.3";
			developmentRegion = en;
			hasScannedForEncodings = 0;
			knownRegions = (
				en,
				Base,
			);
			mainGroup = 641142D125EE2A6900AEB552;
			productRefGroup = 641142DB25EE2A6900AEB552 /* Products */;
			projectDirPath = "";
			projectRoot = "";
			targets = (
				641142D925EE2A6900AEB552 /* Resplash */,
			);
		};
/* End PBXProject section */

/* Begin PBXResourcesBuildPhase section */
		641142D825EE2A6900AEB552 /* Resources */ = {
			isa = PBXResourcesBuildPhase;
			buildActionMask = 2147483647;
			files = (
				641142EA25EE2A6B00AEB552 /* LaunchScreen.storyboard in Resources */,
				641142E725EE2A6B00AEB552 /* Assets.xcassets in Resources */,
				641142E525EE2A6900AEB552 /* Main.storyboard in Resources */,
				6411431425EE3C6600AEB552 /* AlbumCell.xib in Resources */,
				6411432D25EE3DCF00AEB552 /* PhotoCell.xib in Resources */,
			);
			runOnlyForDeploymentPostprocessing = 0;
		};
/* End PBXResourcesBuildPhase section */

/* Begin PBXShellScriptBuildPhase section */
		647F6AA6E7C3348E0AE3D7BD /* [CP] Check Pods Manifest.lock */ = {
			isa = PBXShellScriptBuildPhase;
			buildActionMask = 2147483647;
			files = (
			);
			inputFileListPaths = (
			);
			inputPaths = (
				"${PODS_PODFILE_DIR_PATH}/Podfile.lock",
				"${PODS_ROOT}/Manifest.lock",
			);
			name = "[CP] Check Pods Manifest.lock";
			outputFileListPaths = (
			);
			outputPaths = (
				"$(DERIVED_FILE_DIR)/Pods-Resplash-checkManifestLockResult.txt",
			);
			runOnlyForDeploymentPostprocessing = 0;
			shellPath = /bin/sh;
			shellScript = "diff \"${PODS_PODFILE_DIR_PATH}/Podfile.lock\" \"${PODS_ROOT}/Manifest.lock\" > /dev/null\nif [ $? != 0 ] ; then\n    # print error to STDERR\n    echo \"error: The sandbox is not in sync with the Podfile.lock. Run 'pod install' or update your CocoaPods installation.\" >&2\n    exit 1\nfi\n# This output is used by Xcode 'outputs' to avoid re-running this script phase.\necho \"SUCCESS\" > \"${SCRIPT_OUTPUT_FILE_0}\"\n";
			showEnvVarsInLog = 0;
		};
/* End PBXShellScriptBuildPhase section */

/* Begin PBXSourcesBuildPhase section */
		641142D625EE2A6900AEB552 /* Sources */ = {
			isa = PBXSourcesBuildPhase;
			buildActionMask = 2147483647;
			files = (
				6411431E25EE3D7700AEB552 /* AlbumViewModel.swift in Sources */,
				6411433425EE455900AEB552 /* DataManager.swift in Sources */,
				64E3242A25EE75BD0066AC94 /* Navigation.swift in Sources */,
				6411432C25EE3DCF00AEB552 /* PhotoCell.swift in Sources */,
				6411433F25EE45B900AEB552 /* Dynamic.swift in Sources */,
				641142F825EE391A00AEB552 /* AlbumsViewController.swift in Sources */,
				6411430925EE3AEC00AEB552 /* UISearchBar+Color.swift in Sources */,
				6411433525EE455900AEB552 /* EndPoint.swift in Sources */,
				6411433725EE455900AEB552 /* APIRequest.swift in Sources */,
				6411430C25EE3AEC00AEB552 /* UICollectionView+Register.swift in Sources */,
				6411434425EE45DF00AEB552 /* NetworkError.swift in Sources */,
				641142DE25EE2A6900AEB552 /* AppDelegate.swift in Sources */,
				6411430D25EE3AEC00AEB552 /* UIViewController+Alert.swift in Sources */,
				6411432525EE3DA900AEB552 /* Photo.swift in Sources */,
				6411430A25EE3AEC00AEB552 /* UINavigationController+Defaults.swift in Sources */,
				641142E025EE2A6900AEB552 /* SceneDelegate.swift in Sources */,
				6411432825EE3DB400AEB552 /* PhotoViewModel.swift in Sources */,
				6411433E25EE45B900AEB552 /* ActivityPresentable.swift in Sources */,
				64E3241E25EE6F570066AC94 /* Route.swift in Sources */,
				6411431325EE3C6600AEB552 /* AlbumCell.swift in Sources */,
				6411431925EE3C8300AEB552 /* Album.swift in Sources */,
				6411430B25EE3AEC00AEB552 /* UITableView+Register.swift in Sources */,
				641142FB25EE392600AEB552 /* PhotosViewController.swift in Sources */,
				6411433625EE455900AEB552 /* APIClient.swift in Sources */,
			);
			runOnlyForDeploymentPostprocessing = 0;
		};
/* End PBXSourcesBuildPhase section */

/* Begin PBXVariantGroup section */
		641142E325EE2A6900AEB552 /* Main.storyboard */ = {
			isa = PBXVariantGroup;
			children = (
				641142E425EE2A6900AEB552 /* Base */,
			);
			name = Main.storyboard;
			sourceTree = "<group>";
		};
		641142E825EE2A6B00AEB552 /* LaunchScreen.storyboard */ = {
			isa = PBXVariantGroup;
			children = (
				641142E925EE2A6B00AEB552 /* Base */,
			);
			name = LaunchScreen.storyboard;
			sourceTree = "<group>";
		};
/* End PBXVariantGroup section */

/* Begin XCBuildConfiguration section */
		641142EC25EE2A6B00AEB552 /* Debug */ = {
			isa = XCBuildConfiguration;
			buildSettings = {
				ALWAYS_SEARCH_USER_PATHS = NO;
				CLANG_ANALYZER_NONNULL = YES;
				CLANG_ANALYZER_NUMBER_OBJECT_CONVERSION = YES_AGGRESSIVE;
				CLANG_CXX_LANGUAGE_STANDARD = "gnu++14";
				CLANG_CXX_LIBRARY = "libc++";
				CLANG_ENABLE_MODULES = YES;
				CLANG_ENABLE_OBJC_ARC = YES;
				CLANG_ENABLE_OBJC_WEAK = YES;
				CLANG_WARN_BLOCK_CAPTURE_AUTORELEASING = YES;
				CLANG_WARN_BOOL_CONVERSION = YES;
				CLANG_WARN_COMMA = YES;
				CLANG_WARN_CONSTANT_CONVERSION = YES;
				CLANG_WARN_DEPRECATED_OBJC_IMPLEMENTATIONS = YES;
				CLANG_WARN_DIRECT_OBJC_ISA_USAGE = YES_ERROR;
				CLANG_WARN_DOCUMENTATION_COMMENTS = YES;
				CLANG_WARN_EMPTY_BODY = YES;
				CLANG_WARN_ENUM_CONVERSION = YES;
				CLANG_WARN_INFINITE_RECURSION = YES;
				CLANG_WARN_INT_CONVERSION = YES;
				CLANG_WARN_NON_LITERAL_NULL_CONVERSION = YES;
				CLANG_WARN_OBJC_IMPLICIT_RETAIN_SELF = YES;
				CLANG_WARN_OBJC_LITERAL_CONVERSION = YES;
				CLANG_WARN_OBJC_ROOT_CLASS = YES_ERROR;
				CLANG_WARN_QUOTED_INCLUDE_IN_FRAMEWORK_HEADER = YES;
				CLANG_WARN_RANGE_LOOP_ANALYSIS = YES;
				CLANG_WARN_STRICT_PROTOTYPES = YES;
				CLANG_WARN_SUSPICIOUS_MOVE = YES;
				CLANG_WARN_UNGUARDED_AVAILABILITY = YES_AGGRESSIVE;
				CLANG_WARN_UNREACHABLE_CODE = YES;
				CLANG_WARN__DUPLICATE_METHOD_MATCH = YES;
				COPY_PHASE_STRIP = NO;
				DEBUG_INFORMATION_FORMAT = dwarf;
				ENABLE_STRICT_OBJC_MSGSEND = YES;
				ENABLE_TESTABILITY = YES;
				GCC_C_LANGUAGE_STANDARD = gnu11;
				GCC_DYNAMIC_NO_PIC = NO;
				GCC_NO_COMMON_BLOCKS = YES;
				GCC_OPTIMIZATION_LEVEL = 0;
				GCC_PREPROCESSOR_DEFINITIONS = (
					"DEBUG=1",
					"$(inherited)",
				);
				GCC_WARN_64_TO_32_BIT_CONVERSION = YES;
				GCC_WARN_ABOUT_RETURN_TYPE = YES_ERROR;
				GCC_WARN_UNDECLARED_SELECTOR = YES;
				GCC_WARN_UNINITIALIZED_AUTOS = YES_AGGRESSIVE;
				GCC_WARN_UNUSED_FUNCTION = YES;
				GCC_WARN_UNUSED_VARIABLE = YES;
				IPHONEOS_DEPLOYMENT_TARGET = 14.2;
				MTL_ENABLE_DEBUG_INFO = INCLUDE_SOURCE;
				MTL_FAST_MATH = YES;
				ONLY_ACTIVE_ARCH = YES;
				SDKROOT = iphoneos;
				SWIFT_ACTIVE_COMPILATION_CONDITIONS = DEBUG;
				SWIFT_OPTIMIZATION_LEVEL = "-Onone";
			};
			name = Debug;
		};
		641142ED25EE2A6B00AEB552 /* Release */ = {
			isa = XCBuildConfiguration;
			buildSettings = {
				ALWAYS_SEARCH_USER_PATHS = NO;
				CLANG_ANALYZER_NONNULL = YES;
				CLANG_ANALYZER_NUMBER_OBJECT_CONVERSION = YES_AGGRESSIVE;
				CLANG_CXX_LANGUAGE_STANDARD = "gnu++14";
				CLANG_CXX_LIBRARY = "libc++";
				CLANG_ENABLE_MODULES = YES;
				CLANG_ENABLE_OBJC_ARC = YES;
				CLANG_ENABLE_OBJC_WEAK = YES;
				CLANG_WARN_BLOCK_CAPTURE_AUTORELEASING = YES;
				CLANG_WARN_BOOL_CONVERSION = YES;
				CLANG_WARN_COMMA = YES;
				CLANG_WARN_CONSTANT_CONVERSION = YES;
				CLANG_WARN_DEPRECATED_OBJC_IMPLEMENTATIONS = YES;
				CLANG_WARN_DIRECT_OBJC_ISA_USAGE = YES_ERROR;
				CLANG_WARN_DOCUMENTATION_COMMENTS = YES;
				CLANG_WARN_EMPTY_BODY = YES;
				CLANG_WARN_ENUM_CONVERSION = YES;
				CLANG_WARN_INFINITE_RECURSION = YES;
				CLANG_WARN_INT_CONVERSION = YES;
				CLANG_WARN_NON_LITERAL_NULL_CONVERSION = YES;
				CLANG_WARN_OBJC_IMPLICIT_RETAIN_SELF = YES;
				CLANG_WARN_OBJC_LITERAL_CONVERSION = YES;
				CLANG_WARN_OBJC_ROOT_CLASS = YES_ERROR;
				CLANG_WARN_QUOTED_INCLUDE_IN_FRAMEWORK_HEADER = YES;
				CLANG_WARN_RANGE_LOOP_ANALYSIS = YES;
				CLANG_WARN_STRICT_PROTOTYPES = YES;
				CLANG_WARN_SUSPICIOUS_MOVE = YES;
				CLANG_WARN_UNGUARDED_AVAILABILITY = YES_AGGRESSIVE;
				CLANG_WARN_UNREACHABLE_CODE = YES;
				CLANG_WARN__DUPLICATE_METHOD_MATCH = YES;
				COPY_PHASE_STRIP = NO;
				DEBUG_INFORMATION_FORMAT = "dwarf-with-dsym";
				ENABLE_NS_ASSERTIONS = NO;
				ENABLE_STRICT_OBJC_MSGSEND = YES;
				GCC_C_LANGUAGE_STANDARD = gnu11;
				GCC_NO_COMMON_BLOCKS = YES;
				GCC_WARN_64_TO_32_BIT_CONVERSION = YES;
				GCC_WARN_ABOUT_RETURN_TYPE = YES_ERROR;
				GCC_WARN_UNDECLARED_SELECTOR = YES;
				GCC_WARN_UNINITIALIZED_AUTOS = YES_AGGRESSIVE;
				GCC_WARN_UNUSED_FUNCTION = YES;
				GCC_WARN_UNUSED_VARIABLE = YES;
				IPHONEOS_DEPLOYMENT_TARGET = 14.2;
				MTL_ENABLE_DEBUG_INFO = NO;
				MTL_FAST_MATH = YES;
				SDKROOT = iphoneos;
				SWIFT_COMPILATION_MODE = wholemodule;
				SWIFT_OPTIMIZATION_LEVEL = "-O";
				VALIDATE_PRODUCT = YES;
			};
			name = Release;
		};
		641142EF25EE2A6B00AEB552 /* Debug */ = {
			isa = XCBuildConfiguration;
			baseConfigurationReference = 1550803679FC6464196D77E5 /* Pods-Resplash.debug.xcconfig */;
			buildSettings = {
				ASSETCATALOG_COMPILER_APPICON_NAME = AppIcon;
				ASSETCATALOG_COMPILER_GLOBAL_ACCENT_COLOR_NAME = AccentColor;
				CODE_SIGN_STYLE = Automatic;
				INFOPLIST_FILE = Resplash/Info.plist;
				LD_RUNPATH_SEARCH_PATHS = (
					"$(inherited)",
					"@executable_path/Frameworks",
				);
				PRODUCT_BUNDLE_IDENTIFIER = com.company.Resplash;
				PRODUCT_NAME = "$(TARGET_NAME)";
				SWIFT_VERSION = 5.0;
				TARGETED_DEVICE_FAMILY = "1,2";
			};
			name = Debug;
		};
		641142F025EE2A6B00AEB552 /* Release */ = {
			isa = XCBuildConfiguration;
			baseConfigurationReference = 5F9E84F03AE82546808A91F6 /* Pods-Resplash.release.xcconfig */;
			buildSettings = {
				ASSETCATALOG_COMPILER_APPICON_NAME = AppIcon;
				ASSETCATALOG_COMPILER_GLOBAL_ACCENT_COLOR_NAME = AccentColor;
				CODE_SIGN_STYLE = Automatic;
				INFOPLIST_FILE = Resplash/Info.plist;
				LD_RUNPATH_SEARCH_PATHS = (
					"$(inherited)",
					"@executable_path/Frameworks",
				);
				PRODUCT_BUNDLE_IDENTIFIER = com.company.Resplash;
				PRODUCT_NAME = "$(TARGET_NAME)";
				SWIFT_VERSION = 5.0;
				TARGETED_DEVICE_FAMILY = "1,2";
			};
			name = Release;
		};
/* End XCBuildConfiguration section */

/* Begin XCConfigurationList section */
		641142D525EE2A6900AEB552 /* Build configuration list for PBXProject "Resplash" */ = {
			isa = XCConfigurationList;
			buildConfigurations = (
				641142EC25EE2A6B00AEB552 /* Debug */,
				641142ED25EE2A6B00AEB552 /* Release */,
			);
			defaultConfigurationIsVisible = 0;
			defaultConfigurationName = Release;
		};
		641142EE25EE2A6B00AEB552 /* Build configuration list for PBXNativeTarget "Resplash" */ = {
			isa = XCConfigurationList;
			buildConfigurations = (
				641142EF25EE2A6B00AEB552 /* Debug */,
				641142F025EE2A6B00AEB552 /* Release */,
			);
			defaultConfigurationIsVisible = 0;
			defaultConfigurationName = Release;
		};
/* End XCConfigurationList section */
	};
	rootObject = 641142D225EE2A6900AEB552 /* Project object */;
}
